// !$*UTF8*$!
{
	archiveVersion = 1;
	classes = {
	};
	objectVersion = 56;
	objects = {

/* Begin PBXBuildFile section */
		7409B67E2CD4A85600655EBD /* AnimatedGiftOfferTests.swift in Sources */ = {isa = PBXBuildFile; fileRef = 7409B67D2CD4A85600655EBD /* AnimatedGiftOfferTests.swift */; };
		7448CA682CD401580097A190 /* AppDelegate.swift in Sources */ = {isa = PBXBuildFile; fileRef = 7448CA672CD401580097A190 /* AppDelegate.swift */; };
		7448CA6C2CD401580097A190 /* ViewController.swift in Sources */ = {isa = PBXBuildFile; fileRef = 7448CA6B2CD401580097A190 /* ViewController.swift */; };
		7448CA712CD4015A0097A190 /* Assets.xcassets in Resources */ = {isa = PBXBuildFile; fileRef = 7448CA702CD4015A0097A190 /* Assets.xcassets */; };
		7448CA7D2CD403130097A190 /* TimerService.swift in Sources */ = {isa = PBXBuildFile; fileRef = 7448CA7C2CD403130097A190 /* TimerService.swift */; };
		7448CA802CD403B40097A190 /* GiftOfferView.swift in Sources */ = {isa = PBXBuildFile; fileRef = 7448CA7F2CD403B40097A190 /* GiftOfferView.swift */; };
		7448CA832CD404670097A190 /* Animator.swift in Sources */ = {isa = PBXBuildFile; fileRef = 7448CA822CD404670097A190 /* Animator.swift */; };
/* End PBXBuildFile section */

/* Begin PBXContainerItemProxy section */
		7409B67F2CD4A85600655EBD /* PBXContainerItemProxy */ = {
			isa = PBXContainerItemProxy;
			containerPortal = 7448CA5C2CD401580097A190 /* Project object */;
			proxyType = 1;
			remoteGlobalIDString = 7448CA632CD401580097A190;
			remoteInfo = AnimatedGiftOffer;
		};
/* End PBXContainerItemProxy section */

/* Begin PBXFileReference section */
		7409B67B2CD4A85600655EBD /* AnimatedGiftOfferTests.xctest */ = {isa = PBXFileReference; explicitFileType = wrapper.cfbundle; includeInIndex = 0; path = AnimatedGiftOfferTests.xctest; sourceTree = BUILT_PRODUCTS_DIR; };
		7409B67D2CD4A85600655EBD /* AnimatedGiftOfferTests.swift */ = {isa = PBXFileReference; lastKnownFileType = sourcecode.swift; path = AnimatedGiftOfferTests.swift; sourceTree = "<group>"; };
		7448CA642CD401580097A190 /* AnimatedGiftOffer.app */ = {isa = PBXFileReference; explicitFileType = wrapper.application; includeInIndex = 0; path = AnimatedGiftOffer.app; sourceTree = BUILT_PRODUCTS_DIR; };
		7448CA672CD401580097A190 /* AppDelegate.swift */ = {isa = PBXFileReference; lastKnownFileType = sourcecode.swift; path = AppDelegate.swift; sourceTree = "<group>"; };
		7448CA6B2CD401580097A190 /* ViewController.swift */ = {isa = PBXFileReference; lastKnownFileType = sourcecode.swift; path = ViewController.swift; sourceTree = "<group>"; };
		7448CA702CD4015A0097A190 /* Assets.xcassets */ = {isa = PBXFileReference; lastKnownFileType = folder.assetcatalog; path = Assets.xcassets; sourceTree = "<group>"; };
		7448CA752CD4015A0097A190 /* Info.plist */ = {isa = PBXFileReference; lastKnownFileType = text.plist.xml; path = Info.plist; sourceTree = "<group>"; };
		7448CA7C2CD403130097A190 /* TimerService.swift */ = {isa = PBXFileReference; lastKnownFileType = sourcecode.swift; path = TimerService.swift; sourceTree = "<group>"; };
		7448CA7F2CD403B40097A190 /* GiftOfferView.swift */ = {isa = PBXFileReference; lastKnownFileType = sourcecode.swift; path = GiftOfferView.swift; sourceTree = "<group>"; };
		7448CA822CD404670097A190 /* Animator.swift */ = {isa = PBXFileReference; lastKnownFileType = sourcecode.swift; path = Animator.swift; sourceTree = "<group>"; };
/* End PBXFileReference section */

/* Begin PBXFrameworksBuildPhase section */
		7409B6782CD4A85600655EBD /* Frameworks */ = {
			isa = PBXFrameworksBuildPhase;
			buildActionMask = 2147483647;
			files = (
			);
			runOnlyForDeploymentPostprocessing = 0;
		};
		7448CA612CD401580097A190 /* Frameworks */ = {
			isa = PBXFrameworksBuildPhase;
			buildActionMask = 2147483647;
			files = (
			);
			runOnlyForDeploymentPostprocessing = 0;
		};
/* End PBXFrameworksBuildPhase section */

/* Begin PBXGroup section */
		7448CA5B2CD401580097A190 = {
			isa = PBXGroup;
			children = (
				7448CA662CD401580097A190 /* AnimatedGiftOffer */,
				7448CA652CD401580097A190 /* Products */,
			);
			sourceTree = "<group>";
		};
		7448CA652CD401580097A190 /* Products */ = {
			isa = PBXGroup;
			children = (
				7448CA642CD401580097A190 /* AnimatedGiftOffer.app */,
				7409B67B2CD4A85600655EBD /* AnimatedGiftOfferTests.xctest */,
			);
			name = Products;
			sourceTree = "<group>";
		};
		7448CA662CD401580097A190 /* AnimatedGiftOffer */ = {
			isa = PBXGroup;
			children = (
				748FA2582CD4F7460006C20B /* Sources */,
				748FA2592CD4F7760006C20B /* Tests */,
			);
			path = AnimatedGiftOffer;
			sourceTree = "<group>";
		};
		7448CA812CD403D50097A190 /* Helpers */ = {
			isa = PBXGroup;
			children = (
				7448CA822CD404670097A190 /* Animator.swift */,
			);
			path = Helpers;
			sourceTree = "<group>";
		};
		748FA2532CD4F5540006C20B /* UI */ = {
			isa = PBXGroup;
			children = (
				748FA2562CD4F5F80006C20B /* Main */,
			);
			path = UI;
			sourceTree = "<group>";
		};
		748FA2542CD4F56D0006C20B /* App */ = {
			isa = PBXGroup;
			children = (
				7448CA672CD401580097A190 /* AppDelegate.swift */,
				7448CA752CD4015A0097A190 /* Info.plist */,
			);
			path = App;
			sourceTree = "<group>";
		};
		748FA2552CD4F5D60006C20B /* Services */ = {
			isa = PBXGroup;
			children = (
				748FA2572CD4F6540006C20B /* Timer */,
				7448CA7C2CD403130097A190 /* TimerService.swift */,
			);
			path = Services;
			sourceTree = "<group>";
		};
		748FA2562CD4F5F80006C20B /* Main */ = {
			isa = PBXGroup;
			children = (
				7448CA6B2CD401580097A190 /* ViewController.swift */,
				7448CA7F2CD403B40097A190 /* GiftOfferView.swift */,
			);
			path = Main;
			sourceTree = "<group>";
		};
		748FA2572CD4F6540006C20B /* Timer */ = {
			isa = PBXGroup;
			children = (
			);
			path = Timer;
			sourceTree = "<group>";
		};
		748FA2582CD4F7460006C20B /* Sources */ = {
			isa = PBXGroup;
			children = (
				748FA2542CD4F56D0006C20B /* App */,
				748FA2532CD4F5540006C20B /* UI */,
				748FA2552CD4F5D60006C20B /* Services */,
				7448CA812CD403D50097A190 /* Helpers */,
				748FA25A2CD4F7B90006C20B /* Recources */,
			);
			path = Sources;
			sourceTree = "<group>";
		};
		748FA2592CD4F7760006C20B /* Tests */ = {
			isa = PBXGroup;
			children = (
				7409B67D2CD4A85600655EBD /* AnimatedGiftOfferTests.swift */,
			);
			path = Tests;
			sourceTree = "<group>";
		};
		748FA25A2CD4F7B90006C20B /* Recources */ = {
			isa = PBXGroup;
			children = (
				7448CA702CD4015A0097A190 /* Assets.xcassets */,
			);
			path = Recources;
			sourceTree = "<group>";
		};
/* End PBXGroup section */

/* Begin PBXNativeTarget section */
		7409B67A2CD4A85600655EBD /* AnimatedGiftOfferTests */ = {
			isa = PBXNativeTarget;
			buildConfigurationList = 7409B6812CD4A85600655EBD /* Build configuration list for PBXNativeTarget "AnimatedGiftOfferTests" */;
			buildPhases = (
				7409B6772CD4A85600655EBD /* Sources */,
				7409B6782CD4A85600655EBD /* Frameworks */,
				7409B6792CD4A85600655EBD /* Resources */,
			);
			buildRules = (
			);
			dependencies = (
				7409B6802CD4A85600655EBD /* PBXTargetDependency */,
			);
			name = AnimatedGiftOfferTests;
			productName = AnimatedGiftOfferTests;
			productReference = 7409B67B2CD4A85600655EBD /* AnimatedGiftOfferTests.xctest */;
			productType = "com.apple.product-type.bundle.unit-test";
		};
		7448CA632CD401580097A190 /* AnimatedGiftOffer */ = {
			isa = PBXNativeTarget;
			buildConfigurationList = 7448CA782CD4015A0097A190 /* Build configuration list for PBXNativeTarget "AnimatedGiftOffer" */;
			buildPhases = (
				7448CA602CD401580097A190 /* Sources */,
				7448CA612CD401580097A190 /* Frameworks */,
				7448CA622CD401580097A190 /* Resources */,
			);
			buildRules = (
			);
			dependencies = (
			);
			name = AnimatedGiftOffer;
			productName = AnimatedGiftOffer;
			productReference = 7448CA642CD401580097A190 /* AnimatedGiftOffer.app */;
			productType = "com.apple.product-type.application";
		};
/* End PBXNativeTarget section */

/* Begin PBXProject section */
		7448CA5C2CD401580097A190 /* Project object */ = {
			isa = PBXProject;
			attributes = {
				BuildIndependentTargetsInParallel = 1;
				LastSwiftUpdateCheck = 1420;
				LastUpgradeCheck = 1420;
				TargetAttributes = {
					7409B67A2CD4A85600655EBD = {
						CreatedOnToolsVersion = 14.2;
						TestTargetID = 7448CA632CD401580097A190;
					};
					7448CA632CD401580097A190 = {
						CreatedOnToolsVersion = 14.2;
					};
				};
			};
			buildConfigurationList = 7448CA5F2CD401580097A190 /* Build configuration list for PBXProject "AnimatedGiftOffer" */;
			compatibilityVersion = "Xcode 14.0";
			developmentRegion = en;
			hasScannedForEncodings = 0;
			knownRegions = (
				en,
				Base,
			);
			mainGroup = 7448CA5B2CD401580097A190;
			productRefGroup = 7448CA652CD401580097A190 /* Products */;
			projectDirPath = "";
			projectRoot = "";
			targets = (
				7448CA632CD401580097A190 /* AnimatedGiftOffer */,
				7409B67A2CD4A85600655EBD /* AnimatedGiftOfferTests */,
			);
		};
/* End PBXProject section */

/* Begin PBXResourcesBuildPhase section */
		7409B6792CD4A85600655EBD /* Resources */ = {
			isa = PBXResourcesBuildPhase;
			buildActionMask = 2147483647;
			files = (
			);
			runOnlyForDeploymentPostprocessing = 0;
		};
		7448CA622CD401580097A190 /* Resources */ = {
			isa = PBXResourcesBuildPhase;
			buildActionMask = 2147483647;
			files = (
				7448CA712CD4015A0097A190 /* Assets.xcassets in Resources */,
			);
			runOnlyForDeploymentPostprocessing = 0;
		};
/* End PBXResourcesBuildPhase section */

/* Begin PBXSourcesBuildPhase section */
		7409B6772CD4A85600655EBD /* Sources */ = {
			isa = PBXSourcesBuildPhase;
			buildActionMask = 2147483647;
			files = (
				7409B67E2CD4A85600655EBD /* AnimatedGiftOfferTests.swift in Sources */,
			);
			runOnlyForDeploymentPostprocessing = 0;
		};
		7448CA602CD401580097A190 /* Sources */ = {
			isa = PBXSourcesBuildPhase;
			buildActionMask = 2147483647;
			files = (
				7448CA832CD404670097A190 /* Animator.swift in Sources */,
				7448CA7D2CD403130097A190 /* TimerService.swift in Sources */,
				7448CA802CD403B40097A190 /* GiftOfferView.swift in Sources */,
				7448CA6C2CD401580097A190 /* ViewController.swift in Sources */,
				7448CA682CD401580097A190 /* AppDelegate.swift in Sources */,
			);
			runOnlyForDeploymentPostprocessing = 0;
		};
/* End PBXSourcesBuildPhase section */

/* Begin PBXTargetDependency section */
		7409B6802CD4A85600655EBD /* PBXTargetDependency */ = {
			isa = PBXTargetDependency;
			target = 7448CA632CD401580097A190 /* AnimatedGiftOffer */;
			targetProxy = 7409B67F2CD4A85600655EBD /* PBXContainerItemProxy */;
		};
/* End PBXTargetDependency section */

/* Begin XCBuildConfiguration section */
		7409B6822CD4A85600655EBD /* Debug */ = {
			isa = XCBuildConfiguration;
			buildSettings = {
				BUNDLE_LOADER = "$(TEST_HOST)";
				CODE_SIGN_STYLE = Automatic;
				CURRENT_PROJECT_VERSION = 1;
				DEVELOPMENT_TEAM = HN32HK2XMQ;
				GENERATE_INFOPLIST_FILE = YES;
				MARKETING_VERSION = 1.0;
				PRODUCT_BUNDLE_IDENTIFIER = MIKHAIL.AnimatedGiftOfferTests;
				PRODUCT_NAME = "$(TARGET_NAME)";
				SWIFT_EMIT_LOC_STRINGS = NO;
				SWIFT_VERSION = 5.0;
				TARGETED_DEVICE_FAMILY = "1,2";
				TEST_HOST = "$(BUILT_PRODUCTS_DIR)/AnimatedGiftOffer.app/$(BUNDLE_EXECUTABLE_FOLDER_PATH)/AnimatedGiftOffer";
			};
			name = Debug;
		};
		7409B6832CD4A85600655EBD /* Release */ = {
			isa = XCBuildConfiguration;
			buildSettings = {
				BUNDLE_LOADER = "$(TEST_HOST)";
				CODE_SIGN_STYLE = Automatic;
				CURRENT_PROJECT_VERSION = 1;
				DEVELOPMENT_TEAM = HN32HK2XMQ;
				GENERATE_INFOPLIST_FILE = YES;
				MARKETING_VERSION = 1.0;
				PRODUCT_BUNDLE_IDENTIFIER = MIKHAIL.AnimatedGiftOfferTests;
				PRODUCT_NAME = "$(TARGET_NAME)";
				SWIFT_EMIT_LOC_STRINGS = NO;
				SWIFT_VERSION = 5.0;
				TARGETED_DEVICE_FAMILY = "1,2";
				TEST_HOST = "$(BUILT_PRODUCTS_DIR)/AnimatedGiftOffer.app/$(BUNDLE_EXECUTABLE_FOLDER_PATH)/AnimatedGiftOffer";
			};
			name = Release;
		};
		7448CA762CD4015A0097A190 /* Debug */ = {
			isa = XCBuildConfiguration;
			buildSettings = {
				ALWAYS_SEARCH_USER_PATHS = NO;
				CLANG_ANALYZER_NONNULL = YES;
				CLANG_ANALYZER_NUMBER_OBJECT_CONVERSION = YES_AGGRESSIVE;
				CLANG_CXX_LANGUAGE_STANDARD = "gnu++20";
				CLANG_ENABLE_MODULES = YES;
				CLANG_ENABLE_OBJC_ARC = YES;
				CLANG_ENABLE_OBJC_WEAK = YES;
				CLANG_WARN_BLOCK_CAPTURE_AUTORELEASING = YES;
				CLANG_WARN_BOOL_CONVERSION = YES;
				CLANG_WARN_COMMA = YES;
				CLANG_WARN_CONSTANT_CONVERSION = YES;
				CLANG_WARN_DEPRECATED_OBJC_IMPLEMENTATIONS = YES;
				CLANG_WARN_DIRECT_OBJC_ISA_USAGE = YES_ERROR;
				CLANG_WARN_DOCUMENTATION_COMMENTS = YES;
				CLANG_WARN_EMPTY_BODY = YES;
				CLANG_WARN_ENUM_CONVERSION = YES;
				CLANG_WARN_INFINITE_RECURSION = YES;
				CLANG_WARN_INT_CONVERSION = YES;
				CLANG_WARN_NON_LITERAL_NULL_CONVERSION = YES;
				CLANG_WARN_OBJC_IMPLICIT_RETAIN_SELF = YES;
				CLANG_WARN_OBJC_LITERAL_CONVERSION = YES;
				CLANG_WARN_OBJC_ROOT_CLASS = YES_ERROR;
				CLANG_WARN_QUOTED_INCLUDE_IN_FRAMEWORK_HEADER = YES;
				CLANG_WARN_RANGE_LOOP_ANALYSIS = YES;
				CLANG_WARN_STRICT_PROTOTYPES = YES;
				CLANG_WARN_SUSPICIOUS_MOVE = YES;
				CLANG_WARN_UNGUARDED_AVAILABILITY = YES_AGGRESSIVE;
				CLANG_WARN_UNREACHABLE_CODE = YES;
				CLANG_WARN__DUPLICATE_METHOD_MATCH = YES;
				COPY_PHASE_STRIP = NO;
				DEBUG_INFORMATION_FORMAT = dwarf;
				ENABLE_STRICT_OBJC_MSGSEND = YES;
				ENABLE_TESTABILITY = YES;
				GCC_C_LANGUAGE_STANDARD = gnu11;
				GCC_DYNAMIC_NO_PIC = NO;
				GCC_NO_COMMON_BLOCKS = YES;
				GCC_OPTIMIZATION_LEVEL = 0;
				GCC_PREPROCESSOR_DEFINITIONS = (
					"DEBUG=1",
					"$(inherited)",
				);
				GCC_WARN_64_TO_32_BIT_CONVERSION = YES;
				GCC_WARN_ABOUT_RETURN_TYPE = YES_ERROR;
				GCC_WARN_UNDECLARED_SELECTOR = YES;
				GCC_WARN_UNINITIALIZED_AUTOS = YES_AGGRESSIVE;
				GCC_WARN_UNUSED_FUNCTION = YES;
				GCC_WARN_UNUSED_VARIABLE = YES;
				IPHONEOS_DEPLOYMENT_TARGET = 16.2;
				MTL_ENABLE_DEBUG_INFO = INCLUDE_SOURCE;
				MTL_FAST_MATH = YES;
				ONLY_ACTIVE_ARCH = YES;
				SDKROOT = iphoneos;
				SWIFT_ACTIVE_COMPILATION_CONDITIONS = DEBUG;
				SWIFT_OPTIMIZATION_LEVEL = "-Onone";
			};
			name = Debug;
		};
		7448CA772CD4015A0097A190 /* Release */ = {
			isa = XCBuildConfiguration;
			buildSettings = {
				ALWAYS_SEARCH_USER_PATHS = NO;
				CLANG_ANALYZER_NONNULL = YES;
				CLANG_ANALYZER_NUMBER_OBJECT_CONVERSION = YES_AGGRESSIVE;
				CLANG_CXX_LANGUAGE_STANDARD = "gnu++20";
				CLANG_ENABLE_MODULES = YES;
				CLANG_ENABLE_OBJC_ARC = YES;
				CLANG_ENABLE_OBJC_WEAK = YES;
				CLANG_WARN_BLOCK_CAPTURE_AUTORELEASING = YES;
				CLANG_WARN_BOOL_CONVERSION = YES;
				CLANG_WARN_COMMA = YES;
				CLANG_WARN_CONSTANT_CONVERSION = YES;
				CLANG_WARN_DEPRECATED_OBJC_IMPLEMENTATIONS = YES;
				CLANG_WARN_DIRECT_OBJC_ISA_USAGE = YES_ERROR;
				CLANG_WARN_DOCUMENTATION_COMMENTS = YES;
				CLANG_WARN_EMPTY_BODY = YES;
				CLANG_WARN_ENUM_CONVERSION = YES;
				CLANG_WARN_INFINITE_RECURSION = YES;
				CLANG_WARN_INT_CONVERSION = YES;
				CLANG_WARN_NON_LITERAL_NULL_CONVERSION = YES;
				CLANG_WARN_OBJC_IMPLICIT_RETAIN_SELF = YES;
				CLANG_WARN_OBJC_LITERAL_CONVERSION = YES;
				CLANG_WARN_OBJC_ROOT_CLASS = YES_ERROR;
				CLANG_WARN_QUOTED_INCLUDE_IN_FRAMEWORK_HEADER = YES;
				CLANG_WARN_RANGE_LOOP_ANALYSIS = YES;
				CLANG_WARN_STRICT_PROTOTYPES = YES;
				CLANG_WARN_SUSPICIOUS_MOVE = YES;
				CLANG_WARN_UNGUARDED_AVAILABILITY = YES_AGGRESSIVE;
				CLANG_WARN_UNREACHABLE_CODE = YES;
				CLANG_WARN__DUPLICATE_METHOD_MATCH = YES;
				COPY_PHASE_STRIP = NO;
				DEBUG_INFORMATION_FORMAT = "dwarf-with-dsym";
				ENABLE_NS_ASSERTIONS = NO;
				ENABLE_STRICT_OBJC_MSGSEND = YES;
				GCC_C_LANGUAGE_STANDARD = gnu11;
				GCC_NO_COMMON_BLOCKS = YES;
				GCC_WARN_64_TO_32_BIT_CONVERSION = YES;
				GCC_WARN_ABOUT_RETURN_TYPE = YES_ERROR;
				GCC_WARN_UNDECLARED_SELECTOR = YES;
				GCC_WARN_UNINITIALIZED_AUTOS = YES_AGGRESSIVE;
				GCC_WARN_UNUSED_FUNCTION = YES;
				GCC_WARN_UNUSED_VARIABLE = YES;
				IPHONEOS_DEPLOYMENT_TARGET = 16.2;
				MTL_ENABLE_DEBUG_INFO = NO;
				MTL_FAST_MATH = YES;
				SDKROOT = iphoneos;
				SWIFT_COMPILATION_MODE = wholemodule;
				SWIFT_OPTIMIZATION_LEVEL = "-O";
				VALIDATE_PRODUCT = YES;
			};
			name = Release;
		};
		7448CA792CD4015A0097A190 /* Debug */ = {
			isa = XCBuildConfiguration;
			buildSettings = {
				ASSETCATALOG_COMPILER_APPICON_NAME = AppIcon;
				ASSETCATALOG_COMPILER_GLOBAL_ACCENT_COLOR_NAME = AccentColor;
				CODE_SIGN_STYLE = Automatic;
				CURRENT_PROJECT_VERSION = 1;
				DEVELOPMENT_TEAM = HN32HK2XMQ;
				GENERATE_INFOPLIST_FILE = YES;
				INFOPLIST_FILE = AnimatedGiftOffer/Sources/App/Info.plist;
				INFOPLIST_KEY_UIApplicationSupportsIndirectInputEvents = YES;
				INFOPLIST_KEY_UILaunchStoryboardName = LaunchScreen;
				INFOPLIST_KEY_UISupportedInterfaceOrientations_iPad = "UIInterfaceOrientationPortrait UIInterfaceOrientationPortraitUpsideDown UIInterfaceOrientationLandscapeLeft UIInterfaceOrientationLandscapeRight";
				INFOPLIST_KEY_UISupportedInterfaceOrientations_iPhone = "UIInterfaceOrientationPortrait UIInterfaceOrientationLandscapeLeft UIInterfaceOrientationLandscapeRight";
				IPHONEOS_DEPLOYMENT_TARGET = 12.0;
				LD_RUNPATH_SEARCH_PATHS = (
					"$(inherited)",
					"@executable_path/Frameworks",
				);
				MARKETING_VERSION = 1.0;
				PRODUCT_BUNDLE_IDENTIFIER = MIKHAIL.AnimatedGiftOffer;
				PRODUCT_NAME = "$(TARGET_NAME)";
				SWIFT_EMIT_LOC_STRINGS = YES;
				SWIFT_VERSION = 5.0;
				TARGETED_DEVICE_FAMILY = "1,2";
			};
			name = Debug;
		};
		7448CA7A2CD4015A0097A190 /* Release */ = {
			isa = XCBuildConfiguration;
			buildSettings = {
				ASSETCATALOG_COMPILER_APPICON_NAME = AppIcon;
				ASSETCATALOG_COMPILER_GLOBAL_ACCENT_COLOR_NAME = AccentColor;
				CODE_SIGN_STYLE = Automatic;
				CURRENT_PROJECT_VERSION = 1;
				DEVELOPMENT_TEAM = HN32HK2XMQ;
				GENERATE_INFOPLIST_FILE = YES;
				INFOPLIST_FILE = AnimatedGiftOffer/Sources/App/Info.plist;
				INFOPLIST_KEY_UIApplicationSupportsIndirectInputEvents = YES;
				INFOPLIST_KEY_UILaunchStoryboardName = LaunchScreen;
				INFOPLIST_KEY_UISupportedInterfaceOrientations_iPad = "UIInterfaceOrientationPortrait UIInterfaceOrientationPortraitUpsideDown UIInterfaceOrientationLandscapeLeft UIInterfaceOrientationLandscapeRight";
				INFOPLIST_KEY_UISupportedInterfaceOrientations_iPhone = "UIInterfaceOrientationPortrait UIInterfaceOrientationLandscapeLeft UIInterfaceOrientationLandscapeRight";
				IPHONEOS_DEPLOYMENT_TARGET = 12.0;
				LD_RUNPATH_SEARCH_PATHS = (
					"$(inherited)",
					"@executable_path/Frameworks",
				);
				MARKETING_VERSION = 1.0;
				PRODUCT_BUNDLE_IDENTIFIER = MIKHAIL.AnimatedGiftOffer;
				PRODUCT_NAME = "$(TARGET_NAME)";
				SWIFT_EMIT_LOC_STRINGS = YES;
				SWIFT_VERSION = 5.0;
				TARGETED_DEVICE_FAMILY = "1,2";
			};
			name = Release;
		};
/* End XCBuildConfiguration section */

/* Begin XCConfigurationList section */
		7409B6812CD4A85600655EBD /* Build configuration list for PBXNativeTarget "AnimatedGiftOfferTests" */ = {
			isa = XCConfigurationList;
			buildConfigurations = (
				7409B6822CD4A85600655EBD /* Debug */,
				7409B6832CD4A85600655EBD /* Release */,
			);
			defaultConfigurationIsVisible = 0;
			defaultConfigurationName = Release;
		};
		7448CA5F2CD401580097A190 /* Build configuration list for PBXProject "AnimatedGiftOffer" */ = {
			isa = XCConfigurationList;
			buildConfigurations = (
				7448CA762CD4015A0097A190 /* Debug */,
				7448CA772CD4015A0097A190 /* Release */,
			);
			defaultConfigurationIsVisible = 0;
			defaultConfigurationName = Release;
		};
		7448CA782CD4015A0097A190 /* Build configuration list for PBXNativeTarget "AnimatedGiftOffer" */ = {
			isa = XCConfigurationList;
			buildConfigurations = (
				7448CA792CD4015A0097A190 /* Debug */,
				7448CA7A2CD4015A0097A190 /* Release */,
			);
			defaultConfigurationIsVisible = 0;
			defaultConfigurationName = Release;
		};
/* End XCConfigurationList section */
	};
	rootObject = 7448CA5C2CD401580097A190 /* Project object */;
}
